// !$*UTF8*$!
{
	archiveVersion = 1;
	classes = {
	};
	objectVersion = 50;
	objects = {

/* Begin PBXBuildFile section */
		647793DD273670E300881005 /* AppDelegate.swift in Sources */ = {isa = PBXBuildFile; fileRef = 647793DC273670E300881005 /* AppDelegate.swift */; };
		647793DF273670E300881005 /* SceneDelegate.swift in Sources */ = {isa = PBXBuildFile; fileRef = 647793DE273670E300881005 /* SceneDelegate.swift */; };
		647793E1273670E300881005 /* ViewController.swift in Sources */ = {isa = PBXBuildFile; fileRef = 647793E0273670E300881005 /* ViewController.swift */; };
		647793E4273670E300881005 /* Main.storyboard in Resources */ = {isa = PBXBuildFile; fileRef = 647793E2273670E300881005 /* Main.storyboard */; };
		647793E6273670E500881005 /* Assets.xcassets in Resources */ = {isa = PBXBuildFile; fileRef = 647793E5273670E500881005 /* Assets.xcassets */; };
		647793E9273670E500881005 /* LaunchScreen.storyboard in Resources */ = {isa = PBXBuildFile; fileRef = 647793E7273670E500881005 /* LaunchScreen.storyboard */; };
		647793F4273670E500881005 /* IOS_TabGesture_CHTests.swift in Sources */ = {isa = PBXBuildFile; fileRef = 647793F3273670E500881005 /* IOS_TabGesture_CHTests.swift */; };
		647793FF273670E500881005 /* IOS_TabGesture_CHUITests.swift in Sources */ = {isa = PBXBuildFile; fileRef = 647793FE273670E500881005 /* IOS_TabGesture_CHUITests.swift */; };
/* End PBXBuildFile section */

/* Begin PBXContainerItemProxy section */
		647793F0273670E500881005 /* PBXContainerItemProxy */ = {
			isa = PBXContainerItemProxy;
			containerPortal = 647793D1273670E300881005 /* Project object */;
			proxyType = 1;
			remoteGlobalIDString = 647793D8273670E300881005;
			remoteInfo = "IOS-TabGesture_CH";
		};
		647793FB273670E500881005 /* PBXContainerItemProxy */ = {
			isa = PBXContainerItemProxy;
			containerPortal = 647793D1273670E300881005 /* Project object */;
			proxyType = 1;
			remoteGlobalIDString = 647793D8273670E300881005;
			remoteInfo = "IOS-TabGesture_CH";
		};
/* End PBXContainerItemProxy section */

/* Begin PBXFileReference section */
		647793D9273670E300881005 /* IOS-TapGesture_CH.app */ = {isa = PBXFileReference; explicitFileType = wrapper.application; includeInIndex = 0; path = "IOS-TapGesture_CH.app"; sourceTree = BUILT_PRODUCTS_DIR; };
		647793DC273670E300881005 /* AppDelegate.swift */ = {isa = PBXFileReference; lastKnownFileType = sourcecode.swift; path = AppDelegate.swift; sourceTree = "<group>"; };
		647793DE273670E300881005 /* SceneDelegate.swift */ = {isa = PBXFileReference; lastKnownFileType = sourcecode.swift; path = SceneDelegate.swift; sourceTree = "<group>"; };
		647793E0273670E300881005 /* ViewController.swift */ = {isa = PBXFileReference; lastKnownFileType = sourcecode.swift; path = ViewController.swift; sourceTree = "<group>"; };
		647793E3273670E300881005 /* Base */ = {isa = PBXFileReference; lastKnownFileType = file.storyboard; name = Base; path = Base.lproj/Main.storyboard; sourceTree = "<group>"; };
		647793E5273670E500881005 /* Assets.xcassets */ = {isa = PBXFileReference; lastKnownFileType = folder.assetcatalog; path = Assets.xcassets; sourceTree = "<group>"; };
		647793E8273670E500881005 /* Base */ = {isa = PBXFileReference; lastKnownFileType = file.storyboard; name = Base; path = Base.lproj/LaunchScreen.storyboard; sourceTree = "<group>"; };
		647793EA273670E500881005 /* Info.plist */ = {isa = PBXFileReference; lastKnownFileType = text.plist.xml; path = Info.plist; sourceTree = "<group>"; };
		647793EF273670E500881005 /* IOS-TapGesture_CHTests.xctest */ = {isa = PBXFileReference; explicitFileType = wrapper.cfbundle; includeInIndex = 0; path = "IOS-TapGesture_CHTests.xctest"; sourceTree = BUILT_PRODUCTS_DIR; };
		647793F3273670E500881005 /* IOS_TabGesture_CHTests.swift */ = {isa = PBXFileReference; lastKnownFileType = sourcecode.swift; path = IOS_TabGesture_CHTests.swift; sourceTree = "<group>"; };
		647793F5273670E500881005 /* Info.plist */ = {isa = PBXFileReference; lastKnownFileType = text.plist.xml; path = Info.plist; sourceTree = "<group>"; };
		647793FA273670E500881005 /* IOS-TapGesture_CHUITests.xctest */ = {isa = PBXFileReference; explicitFileType = wrapper.cfbundle; includeInIndex = 0; path = "IOS-TapGesture_CHUITests.xctest"; sourceTree = BUILT_PRODUCTS_DIR; };
		647793FE273670E500881005 /* IOS_TabGesture_CHUITests.swift */ = {isa = PBXFileReference; lastKnownFileType = sourcecode.swift; path = IOS_TabGesture_CHUITests.swift; sourceTree = "<group>"; };
		64779400273670E500881005 /* Info.plist */ = {isa = PBXFileReference; lastKnownFileType = text.plist.xml; path = Info.plist; sourceTree = "<group>"; };
/* End PBXFileReference section */

/* Begin PBXFrameworksBuildPhase section */
		647793D6273670E300881005 /* Frameworks */ = {
			isa = PBXFrameworksBuildPhase;
			buildActionMask = 2147483647;
			files = (
			);
			runOnlyForDeploymentPostprocessing = 0;
		};
		647793EC273670E500881005 /* Frameworks */ = {
			isa = PBXFrameworksBuildPhase;
			buildActionMask = 2147483647;
			files = (
			);
			runOnlyForDeploymentPostprocessing = 0;
		};
		647793F7273670E500881005 /* Frameworks */ = {
			isa = PBXFrameworksBuildPhase;
			buildActionMask = 2147483647;
			files = (
			);
			runOnlyForDeploymentPostprocessing = 0;
		};
/* End PBXFrameworksBuildPhase section */

/* Begin PBXGroup section */
		647793D0273670E300881005 = {
			isa = PBXGroup;
			children = (
				647793DB273670E300881005 /* IOS-TabGesture_CH */,
				647793F2273670E500881005 /* IOS-TabGesture_CHTests */,
				647793FD273670E500881005 /* IOS-TabGesture_CHUITests */,
				647793DA273670E300881005 /* Products */,
			);
			sourceTree = "<group>";
		};
		647793DA273670E300881005 /* Products */ = {
			isa = PBXGroup;
			children = (
				647793D9273670E300881005 /* IOS-TapGesture_CH.app */,
				647793EF273670E500881005 /* IOS-TapGesture_CHTests.xctest */,
				647793FA273670E500881005 /* IOS-TapGesture_CHUITests.xctest */,
			);
			name = Products;
			sourceTree = "<group>";
		};
		647793DB273670E300881005 /* IOS-TabGesture_CH */ = {
			isa = PBXGroup;
			children = (
				647793DC273670E300881005 /* AppDelegate.swift */,
				647793DE273670E300881005 /* SceneDelegate.swift */,
				647793E0273670E300881005 /* ViewController.swift */,
				647793E2273670E300881005 /* Main.storyboard */,
				647793E5273670E500881005 /* Assets.xcassets */,
				647793E7273670E500881005 /* LaunchScreen.storyboard */,
				647793EA273670E500881005 /* Info.plist */,
			);
			path = "IOS-TabGesture_CH";
			sourceTree = "<group>";
		};
		647793F2273670E500881005 /* IOS-TabGesture_CHTests */ = {
			isa = PBXGroup;
			children = (
				647793F3273670E500881005 /* IOS_TabGesture_CHTests.swift */,
				647793F5273670E500881005 /* Info.plist */,
			);
			path = "IOS-TabGesture_CHTests";
			sourceTree = "<group>";
		};
		647793FD273670E500881005 /* IOS-TabGesture_CHUITests */ = {
			isa = PBXGroup;
			children = (
				647793FE273670E500881005 /* IOS_TabGesture_CHUITests.swift */,
				64779400273670E500881005 /* Info.plist */,
			);
			path = "IOS-TabGesture_CHUITests";
			sourceTree = "<group>";
		};
/* End PBXGroup section */

/* Begin PBXNativeTarget section */
		647793D8273670E300881005 /* IOS-TapGesture_CH */ = {
			isa = PBXNativeTarget;
			buildConfigurationList = 64779403273670E500881005 /* Build configuration list for PBXNativeTarget "IOS-TapGesture_CH" */;
			buildPhases = (
				647793D5273670E300881005 /* Sources */,
				647793D6273670E300881005 /* Frameworks */,
				647793D7273670E300881005 /* Resources */,
			);
			buildRules = (
			);
			dependencies = (
			);
			name = "IOS-TapGesture_CH";
			productName = "IOS-TabGesture_CH";
			productReference = 647793D9273670E300881005 /* IOS-TapGesture_CH.app */;
			productType = "com.apple.product-type.application";
		};
		647793EE273670E500881005 /* IOS-TapGesture_CHTests */ = {
			isa = PBXNativeTarget;
			buildConfigurationList = 64779406273670E500881005 /* Build configuration list for PBXNativeTarget "IOS-TapGesture_CHTests" */;
			buildPhases = (
				647793EB273670E500881005 /* Sources */,
				647793EC273670E500881005 /* Frameworks */,
				647793ED273670E500881005 /* Resources */,
			);
			buildRules = (
			);
			dependencies = (
				647793F1273670E500881005 /* PBXTargetDependency */,
			);
			name = "IOS-TapGesture_CHTests";
			productName = "IOS-TabGesture_CHTests";
			productReference = 647793EF273670E500881005 /* IOS-TapGesture_CHTests.xctest */;
			productType = "com.apple.product-type.bundle.unit-test";
		};
		647793F9273670E500881005 /* IOS-TapGesture_CHUITests */ = {
			isa = PBXNativeTarget;
			buildConfigurationList = 64779409273670E500881005 /* Build configuration list for PBXNativeTarget "IOS-TapGesture_CHUITests" */;
			buildPhases = (
				647793F6273670E500881005 /* Sources */,
				647793F7273670E500881005 /* Frameworks */,
				647793F8273670E500881005 /* Resources */,
			);
			buildRules = (
			);
			dependencies = (
				647793FC273670E500881005 /* PBXTargetDependency */,
			);
			name = "IOS-TapGesture_CHUITests";
			productName = "IOS-TabGesture_CHUITests";
			productReference = 647793FA273670E500881005 /* IOS-TapGesture_CHUITests.xctest */;
			productType = "com.apple.product-type.bundle.ui-testing";
		};
/* End PBXNativeTarget section */

/* Begin PBXProject section */
		647793D1273670E300881005 /* Project object */ = {
			isa = PBXProject;
			attributes = {
				LastSwiftUpdateCheck = 1250;
				LastUpgradeCheck = 1250;
				TargetAttributes = {
					647793D8273670E300881005 = {
						CreatedOnToolsVersion = 12.5.1;
					};
					647793EE273670E500881005 = {
						CreatedOnToolsVersion = 12.5.1;
						TestTargetID = 647793D8273670E300881005;
					};
					647793F9273670E500881005 = {
						CreatedOnToolsVersion = 12.5.1;
						TestTargetID = 647793D8273670E300881005;
					};
				};
			};
			buildConfigurationList = 647793D4273670E300881005 /* Build configuration list for PBXProject "IOS-TapGesture_CH" */;
			compatibilityVersion = "Xcode 9.3";
			developmentRegion = en;
			hasScannedForEncodings = 0;
			knownRegions = (
				en,
				Base,
			);
			mainGroup = 647793D0273670E300881005;
			productRefGroup = 647793DA273670E300881005 /* Products */;
			projectDirPath = "";
			projectRoot = "";
			targets = (
				647793D8273670E300881005 /* IOS-TapGesture_CH */,
				647793EE273670E500881005 /* IOS-TapGesture_CHTests */,
				647793F9273670E500881005 /* IOS-TapGesture_CHUITests */,
			);
		};
/* End PBXProject section */

/* Begin PBXResourcesBuildPhase section */
		647793D7273670E300881005 /* Resources */ = {
			isa = PBXResourcesBuildPhase;
			buildActionMask = 2147483647;
			files = (
				647793E9273670E500881005 /* LaunchScreen.storyboard in Resources */,
				647793E6273670E500881005 /* Assets.xcassets in Resources */,
				647793E4273670E300881005 /* Main.storyboard in Resources */,
			);
			runOnlyForDeploymentPostprocessing = 0;
		};
		647793ED273670E500881005 /* Resources */ = {
			isa = PBXResourcesBuildPhase;
			buildActionMask = 2147483647;
			files = (
			);
			runOnlyForDeploymentPostprocessing = 0;
		};
		647793F8273670E500881005 /* Resources */ = {
			isa = PBXResourcesBuildPhase;
			buildActionMask = 2147483647;
			files = (
			);
			runOnlyForDeploymentPostprocessing = 0;
		};
/* End PBXResourcesBuildPhase section */

/* Begin PBXSourcesBuildPhase section */
		647793D5273670E300881005 /* Sources */ = {
			isa = PBXSourcesBuildPhase;
			buildActionMask = 2147483647;
			files = (
				647793E1273670E300881005 /* ViewController.swift in Sources */,
				647793DD273670E300881005 /* AppDelegate.swift in Sources */,
				647793DF273670E300881005 /* SceneDelegate.swift in Sources */,
			);
			runOnlyForDeploymentPostprocessing = 0;
		};
		647793EB273670E500881005 /* Sources */ = {
			isa = PBXSourcesBuildPhase;
			buildActionMask = 2147483647;
			files = (
				647793F4273670E500881005 /* IOS_TabGesture_CHTests.swift in Sources */,
			);
			runOnlyForDeploymentPostprocessing = 0;
		};
		647793F6273670E500881005 /* Sources */ = {
			isa = PBXSourcesBuildPhase;
			buildActionMask = 2147483647;
			files = (
				647793FF273670E500881005 /* IOS_TabGesture_CHUITests.swift in Sources */,
			);
			runOnlyForDeploymentPostprocessing = 0;
		};
/* End PBXSourcesBuildPhase section */

/* Begin PBXTargetDependency section */
		647793F1273670E500881005 /* PBXTargetDependency */ = {
			isa = PBXTargetDependency;
			target = 647793D8273670E300881005 /* IOS-TapGesture_CH */;
			targetProxy = 647793F0273670E500881005 /* PBXContainerItemProxy */;
		};
		647793FC273670E500881005 /* PBXTargetDependency */ = {
			isa = PBXTargetDependency;
			target = 647793D8273670E300881005 /* IOS-TapGesture_CH */;
			targetProxy = 647793FB273670E500881005 /* PBXContainerItemProxy */;
		};
/* End PBXTargetDependency section */

/* Begin PBXVariantGroup section */
		647793E2273670E300881005 /* Main.storyboard */ = {
			isa = PBXVariantGroup;
			children = (
				647793E3273670E300881005 /* Base */,
			);
			name = Main.storyboard;
			sourceTree = "<group>";
		};
		647793E7273670E500881005 /* LaunchScreen.storyboard */ = {
			isa = PBXVariantGroup;
			children = (
				647793E8273670E500881005 /* Base */,
			);
			name = LaunchScreen.storyboard;
			sourceTree = "<group>";
		};
/* End PBXVariantGroup section */

/* Begin XCBuildConfiguration section */
		64779401273670E500881005 /* Debug */ = {
			isa = XCBuildConfiguration;
			buildSettings = {
				ALWAYS_SEARCH_USER_PATHS = NO;
				CLANG_ANALYZER_NONNULL = YES;
				CLANG_ANALYZER_NUMBER_OBJECT_CONVERSION = YES_AGGRESSIVE;
				CLANG_CXX_LANGUAGE_STANDARD = "gnu++14";
				CLANG_CXX_LIBRARY = "libc++";
				CLANG_ENABLE_MODULES = YES;
				CLANG_ENABLE_OBJC_ARC = YES;
				CLANG_ENABLE_OBJC_WEAK = YES;
				CLANG_WARN_BLOCK_CAPTURE_AUTORELEASING = YES;
				CLANG_WARN_BOOL_CONVERSION = YES;
				CLANG_WARN_COMMA = YES;
				CLANG_WARN_CONSTANT_CONVERSION = YES;
				CLANG_WARN_DEPRECATED_OBJC_IMPLEMENTATIONS = YES;
				CLANG_WARN_DIRECT_OBJC_ISA_USAGE = YES_ERROR;
				CLANG_WARN_DOCUMENTATION_COMMENTS = YES;
				CLANG_WARN_EMPTY_BODY = YES;
				CLANG_WARN_ENUM_CONVERSION = YES;
				CLANG_WARN_INFINITE_RECURSION = YES;
				CLANG_WARN_INT_CONVERSION = YES;
				CLANG_WARN_NON_LITERAL_NULL_CONVERSION = YES;
				CLANG_WARN_OBJC_IMPLICIT_RETAIN_SELF = YES;
				CLANG_WARN_OBJC_LITERAL_CONVERSION = YES;
				CLANG_WARN_OBJC_ROOT_CLASS = YES_ERROR;
				CLANG_WARN_QUOTED_INCLUDE_IN_FRAMEWORK_HEADER = YES;
				CLANG_WARN_RANGE_LOOP_ANALYSIS = YES;
				CLANG_WARN_STRICT_PROTOTYPES = YES;
				CLANG_WARN_SUSPICIOUS_MOVE = YES;
				CLANG_WARN_UNGUARDED_AVAILABILITY = YES_AGGRESSIVE;
				CLANG_WARN_UNREACHABLE_CODE = YES;
				CLANG_WARN__DUPLICATE_METHOD_MATCH = YES;
				COPY_PHASE_STRIP = NO;
				DEBUG_INFORMATION_FORMAT = dwarf;
				ENABLE_STRICT_OBJC_MSGSEND = YES;
				ENABLE_TESTABILITY = YES;
				GCC_C_LANGUAGE_STANDARD = gnu11;
				GCC_DYNAMIC_NO_PIC = NO;
				GCC_NO_COMMON_BLOCKS = YES;
				GCC_OPTIMIZATION_LEVEL = 0;
				GCC_PREPROCESSOR_DEFINITIONS = (
					"DEBUG=1",
					"$(inherited)",
				);
				GCC_WARN_64_TO_32_BIT_CONVERSION = YES;
				GCC_WARN_ABOUT_RETURN_TYPE = YES_ERROR;
				GCC_WARN_UNDECLARED_SELECTOR = YES;
				GCC_WARN_UNINITIALIZED_AUTOS = YES_AGGRESSIVE;
				GCC_WARN_UNUSED_FUNCTION = YES;
				GCC_WARN_UNUSED_VARIABLE = YES;
				IPHONEOS_DEPLOYMENT_TARGET = 14.5;
				MTL_ENABLE_DEBUG_INFO = INCLUDE_SOURCE;
				MTL_FAST_MATH = YES;
				ONLY_ACTIVE_ARCH = YES;
				SDKROOT = iphoneos;
				SWIFT_ACTIVE_COMPILATION_CONDITIONS = DEBUG;
				SWIFT_OPTIMIZATION_LEVEL = "-Onone";
			};
			name = Debug;
		};
		64779402273670E500881005 /* Release */ = {
			isa = XCBuildConfiguration;
			buildSettings = {
				ALWAYS_SEARCH_USER_PATHS = NO;
				CLANG_ANALYZER_NONNULL = YES;
				CLANG_ANALYZER_NUMBER_OBJECT_CONVERSION = YES_AGGRESSIVE;
				CLANG_CXX_LANGUAGE_STANDARD = "gnu++14";
				CLANG_CXX_LIBRARY = "libc++";
				CLANG_ENABLE_MODULES = YES;
				CLANG_ENABLE_OBJC_ARC = YES;
				CLANG_ENABLE_OBJC_WEAK = YES;
				CLANG_WARN_BLOCK_CAPTURE_AUTORELEASING = YES;
				CLANG_WARN_BOOL_CONVERSION = YES;
				CLANG_WARN_COMMA = YES;
				CLANG_WARN_CONSTANT_CONVERSION = YES;
				CLANG_WARN_DEPRECATED_OBJC_IMPLEMENTATIONS = YES;
				CLANG_WARN_DIRECT_OBJC_ISA_USAGE = YES_ERROR;
				CLANG_WARN_DOCUMENTATION_COMMENTS = YES;
				CLANG_WARN_EMPTY_BODY = YES;
				CLANG_WARN_ENUM_CONVERSION = YES;
				CLANG_WARN_INFINITE_RECURSION = YES;
				CLANG_WARN_INT_CONVERSION = YES;
				CLANG_WARN_NON_LITERAL_NULL_CONVERSION = YES;
				CLANG_WARN_OBJC_IMPLICIT_RETAIN_SELF = YES;
				CLANG_WARN_OBJC_LITERAL_CONVERSION = YES;
				CLANG_WARN_OBJC_ROOT_CLASS = YES_ERROR;
				CLANG_WARN_QUOTED_INCLUDE_IN_FRAMEWORK_HEADER = YES;
				CLANG_WARN_RANGE_LOOP_ANALYSIS = YES;
				CLANG_WARN_STRICT_PROTOTYPES = YES;
				CLANG_WARN_SUSPICIOUS_MOVE = YES;
				CLANG_WARN_UNGUARDED_AVAILABILITY = YES_AGGRESSIVE;
				CLANG_WARN_UNREACHABLE_CODE = YES;
				CLANG_WARN__DUPLICATE_METHOD_MATCH = YES;
				COPY_PHASE_STRIP = NO;
				DEBUG_INFORMATION_FORMAT = "dwarf-with-dsym";
				ENABLE_NS_ASSERTIONS = NO;
				ENABLE_STRICT_OBJC_MSGSEND = YES;
				GCC_C_LANGUAGE_STANDARD = gnu11;
				GCC_NO_COMMON_BLOCKS = YES;
				GCC_WARN_64_TO_32_BIT_CONVERSION = YES;
				GCC_WARN_ABOUT_RETURN_TYPE = YES_ERROR;
				GCC_WARN_UNDECLARED_SELECTOR = YES;
				GCC_WARN_UNINITIALIZED_AUTOS = YES_AGGRESSIVE;
				GCC_WARN_UNUSED_FUNCTION = YES;
				GCC_WARN_UNUSED_VARIABLE = YES;
				IPHONEOS_DEPLOYMENT_TARGET = 14.5;
				MTL_ENABLE_DEBUG_INFO = NO;
				MTL_FAST_MATH = YES;
				SDKROOT = iphoneos;
				SWIFT_COMPILATION_MODE = wholemodule;
				SWIFT_OPTIMIZATION_LEVEL = "-O";
				VALIDATE_PRODUCT = YES;
			};
			name = Release;
		};
		64779404273670E500881005 /* Debug */ = {
			isa = XCBuildConfiguration;
			buildSettings = {
				ASSETCATALOG_COMPILER_APPICON_NAME = AppIcon;
				ASSETCATALOG_COMPILER_GLOBAL_ACCENT_COLOR_NAME = AccentColor;
				CODE_SIGN_STYLE = Automatic;
				DEVELOPMENT_TEAM = 8CB4B27BA3;
				INFOPLIST_FILE = "IOS-TabGesture_CH/Info.plist";
				LD_RUNPATH_SEARCH_PATHS = (
					"$(inherited)",
					"@executable_path/Frameworks",
				);
				PRODUCT_BUNDLE_IDENTIFIER = "chan.IOS-TabGesture-CH";
				PRODUCT_NAME = "$(TARGET_NAME)";
				SWIFT_VERSION = 5.0;
				TARGETED_DEVICE_FAMILY = "1,2";
			};
			name = Debug;
		};
		64779405273670E500881005 /* Release */ = {
			isa = XCBuildConfiguration;
			buildSettings = {
				ASSETCATALOG_COMPILER_APPICON_NAME = AppIcon;
				ASSETCATALOG_COMPILER_GLOBAL_ACCENT_COLOR_NAME = AccentColor;
				CODE_SIGN_STYLE = Automatic;
				DEVELOPMENT_TEAM = 8CB4B27BA3;
				INFOPLIST_FILE = "IOS-TabGesture_CH/Info.plist";
				LD_RUNPATH_SEARCH_PATHS = (
					"$(inherited)",
					"@executable_path/Frameworks",
				);
				PRODUCT_BUNDLE_IDENTIFIER = "chan.IOS-TabGesture-CH";
				PRODUCT_NAME = "$(TARGET_NAME)";
				SWIFT_VERSION = 5.0;
				TARGETED_DEVICE_FAMILY = "1,2";
			};
			name = Release;
		};
		64779407273670E500881005 /* Debug */ = {
			isa = XCBuildConfiguration;
			buildSettings = {
				ALWAYS_EMBED_SWIFT_STANDARD_LIBRARIES = YES;
				BUNDLE_LOADER = "$(TEST_HOST)";
				CODE_SIGN_STYLE = Automatic;
				DEVELOPMENT_TEAM = 8CB4B27BA3;
				INFOPLIST_FILE = "IOS-TabGesture_CHTests/Info.plist";
				IPHONEOS_DEPLOYMENT_TARGET = 14.5;
				LD_RUNPATH_SEARCH_PATHS = (
					"$(inherited)",
					"@executable_path/Frameworks",
					"@loader_path/Frameworks",
				);
				PRODUCT_BUNDLE_IDENTIFIER = "chan.IOS-TabGesture-CHTests";
				PRODUCT_NAME = "$(TARGET_NAME)";
				SWIFT_VERSION = 5.0;
				TARGETED_DEVICE_FAMILY = "1,2";
				TEST_HOST = "$(BUILT_PRODUCTS_DIR)/IOS-TapGesture_CH.app/IOS-TapGesture_CH";
			};
			name = Debug;
		};
		64779408273670E500881005 /* Release */ = {
			isa = XCBuildConfiguration;
			buildSettings = {
				ALWAYS_EMBED_SWIFT_STANDARD_LIBRARIES = YES;
				BUNDLE_LOADER = "$(TEST_HOST)";
				CODE_SIGN_STYLE = Automatic;
				DEVELOPMENT_TEAM = 8CB4B27BA3;
				INFOPLIST_FILE = "IOS-TabGesture_CHTests/Info.plist";
				IPHONEOS_DEPLOYMENT_TARGET = 14.5;
				LD_RUNPATH_SEARCH_PATHS = (
					"$(inherited)",
					"@executable_path/Frameworks",
					"@loader_path/Frameworks",
				);
				PRODUCT_BUNDLE_IDENTIFIER = "chan.IOS-TabGesture-CHTests";
				PRODUCT_NAME = "$(TARGET_NAME)";
				SWIFT_VERSION = 5.0;
				TARGETED_DEVICE_FAMILY = "1,2";
				TEST_HOST = "$(BUILT_PRODUCTS_DIR)/IOS-TapGesture_CH.app/IOS-TapGesture_CH";
			};
			name = Release;
		};
		6477940A273670E500881005 /* Debug */ = {
			isa = XCBuildConfiguration;
			buildSettings = {
				ALWAYS_EMBED_SWIFT_STANDARD_LIBRARIES = YES;
				CODE_SIGN_STYLE = Automatic;
				DEVELOPMENT_TEAM = 8CB4B27BA3;
				INFOPLIST_FILE = "IOS-TabGesture_CHUITests/Info.plist";
				LD_RUNPATH_SEARCH_PATHS = (
					"$(inherited)",
					"@executable_path/Frameworks",
					"@loader_path/Frameworks",
				);
				PRODUCT_BUNDLE_IDENTIFIER = "chan.IOS-TabGesture-CHUITests";
				PRODUCT_NAME = "$(TARGET_NAME)";
				SWIFT_VERSION = 5.0;
				TARGETED_DEVICE_FAMILY = "1,2";
				TEST_TARGET_NAME = "IOS-TabGesture_CH";
			};
			name = Debug;
		};
		6477940B273670E500881005 /* Release */ = {
			isa = XCBuildConfiguration;
			buildSettings = {
				ALWAYS_EMBED_SWIFT_STANDARD_LIBRARIES = YES;
				CODE_SIGN_STYLE = Automatic;
				DEVELOPMENT_TEAM = 8CB4B27BA3;
				INFOPLIST_FILE = "IOS-TabGesture_CHUITests/Info.plist";
				LD_RUNPATH_SEARCH_PATHS = (
					"$(inherited)",
					"@executable_path/Frameworks",
					"@loader_path/Frameworks",
				);
				PRODUCT_BUNDLE_IDENTIFIER = "chan.IOS-TabGesture-CHUITests";
				PRODUCT_NAME = "$(TARGET_NAME)";
				SWIFT_VERSION = 5.0;
				TARGETED_DEVICE_FAMILY = "1,2";
				TEST_TARGET_NAME = "IOS-TabGesture_CH";
			};
			name = Release;
		};
/* End XCBuildConfiguration section */

/* Begin XCConfigurationList section */
		647793D4273670E300881005 /* Build configuration list for PBXProject "IOS-TapGesture_CH" */ = {
			isa = XCConfigurationList;
			buildConfigurations = (
				64779401273670E500881005 /* Debug */,
				64779402273670E500881005 /* Release */,
			);
			defaultConfigurationIsVisible = 0;
			defaultConfigurationName = Release;
		};
		64779403273670E500881005 /* Build configuration list for PBXNativeTarget "IOS-TapGesture_CH" */ = {
			isa = XCConfigurationList;
			buildConfigurations = (
				64779404273670E500881005 /* Debug */,
				64779405273670E500881005 /* Release */,
			);
			defaultConfigurationIsVisible = 0;
			defaultConfigurationName = Release;
		};
		64779406273670E500881005 /* Build configuration list for PBXNativeTarget "IOS-TapGesture_CHTests" */ = {
			isa = XCConfigurationList;
			buildConfigurations = (
				64779407273670E500881005 /* Debug */,
				64779408273670E500881005 /* Release */,
			);
			defaultConfigurationIsVisible = 0;
			defaultConfigurationName = Release;
		};
		64779409273670E500881005 /* Build configuration list for PBXNativeTarget "IOS-TapGesture_CHUITests" */ = {
			isa = XCConfigurationList;
			buildConfigurations = (
				6477940A273670E500881005 /* Debug */,
				6477940B273670E500881005 /* Release */,
			);
			defaultConfigurationIsVisible = 0;
			defaultConfigurationName = Release;
		};
/* End XCConfigurationList section */
	};
	rootObject = 647793D1273670E300881005 /* Project object */;
}
